// !$*UTF8*$!
{
	archiveVersion = 1;
	classes = {
	};
	objectVersion = 56;
	objects = {

/* Begin PBXBuildFile section */
		1A2A25192B11B3AA00B7661F /* AppDelegate.swift in Sources */ = {isa = PBXBuildFile; fileRef = 1A2A25182B11B3AA00B7661F /* AppDelegate.swift */; };
		1A2A251B2B11B3AA00B7661F /* SceneDelegate.swift in Sources */ = {isa = PBXBuildFile; fileRef = 1A2A251A2B11B3AA00B7661F /* SceneDelegate.swift */; };
		1A2A251D2B11B3AA00B7661F /* ViewController.swift in Sources */ = {isa = PBXBuildFile; fileRef = 1A2A251C2B11B3AA00B7661F /* ViewController.swift */; };
		1A2A25202B11B3AA00B7661F /* Main.storyboard in Resources */ = {isa = PBXBuildFile; fileRef = 1A2A251E2B11B3AA00B7661F /* Main.storyboard */; };
		1A2A25222B11B3AC00B7661F /* Assets.xcassets in Resources */ = {isa = PBXBuildFile; fileRef = 1A2A25212B11B3AC00B7661F /* Assets.xcassets */; };
		1A2A25252B11B3AC00B7661F /* LaunchScreen.storyboard in Resources */ = {isa = PBXBuildFile; fileRef = 1A2A25232B11B3AC00B7661F /* LaunchScreen.storyboard */; };
		1A2A25302B11B3AD00B7661F /* github_actions_xcode_testTests.swift in Sources */ = {isa = PBXBuildFile; fileRef = 1A2A252F2B11B3AD00B7661F /* github_actions_xcode_testTests.swift */; };
		1A2A253A2B11B3AD00B7661F /* github_actions_xcode_testUITests.swift in Sources */ = {isa = PBXBuildFile; fileRef = 1A2A25392B11B3AD00B7661F /* github_actions_xcode_testUITests.swift */; };
		1A2A253C2B11B3AD00B7661F /* github_actions_xcode_testUITestsLaunchTests.swift in Sources */ = {isa = PBXBuildFile; fileRef = 1A2A253B2B11B3AD00B7661F /* github_actions_xcode_testUITestsLaunchTests.swift */; };
		461FAEDAE6EC42EC57C5A915 /* Pods_github_actions_xcode_test.framework in Frameworks */ = {isa = PBXBuildFile; fileRef = 2EBA0603EBB2E8D96AE0EC7B /* Pods_github_actions_xcode_test.framework */; };
		6FBA2D6D4868CF491A4CA02D /* Pods_github_actions_xcode_testTests.framework in Frameworks */ = {isa = PBXBuildFile; fileRef = 66ED25D2887FE5CB2985DFA6 /* Pods_github_actions_xcode_testTests.framework */; };
		B241F8696407A15653F8AA41 /* Pods_github_actions_xcode_test_github_actions_xcode_testUITests.framework in Frameworks */ = {isa = PBXBuildFile; fileRef = 839F39D2BA598C9D8D1851B8 /* Pods_github_actions_xcode_test_github_actions_xcode_testUITests.framework */; };
/* End PBXBuildFile section */

/* Begin PBXContainerItemProxy section */
		1A2A252C2B11B3AD00B7661F /* PBXContainerItemProxy */ = {
			isa = PBXContainerItemProxy;
			containerPortal = 1A2A250D2B11B3AA00B7661F /* Project object */;
			proxyType = 1;
			remoteGlobalIDString = 1A2A25142B11B3AA00B7661F;
			remoteInfo = "github-actions-xcode-test";
		};
		1A2A25362B11B3AD00B7661F /* PBXContainerItemProxy */ = {
			isa = PBXContainerItemProxy;
			containerPortal = 1A2A250D2B11B3AA00B7661F /* Project object */;
			proxyType = 1;
			remoteGlobalIDString = 1A2A25142B11B3AA00B7661F;
			remoteInfo = "github-actions-xcode-test";
		};
/* End PBXContainerItemProxy section */

/* Begin PBXFileReference section */
		1A2A25152B11B3AA00B7661F /* github-actions-xcode-test.app */ = {isa = PBXFileReference; explicitFileType = wrapper.application; includeInIndex = 0; path = "github-actions-xcode-test.app"; sourceTree = BUILT_PRODUCTS_DIR; };
		1A2A25182B11B3AA00B7661F /* AppDelegate.swift */ = {isa = PBXFileReference; lastKnownFileType = sourcecode.swift; path = AppDelegate.swift; sourceTree = "<group>"; };
		1A2A251A2B11B3AA00B7661F /* SceneDelegate.swift */ = {isa = PBXFileReference; lastKnownFileType = sourcecode.swift; path = SceneDelegate.swift; sourceTree = "<group>"; };
		1A2A251C2B11B3AA00B7661F /* ViewController.swift */ = {isa = PBXFileReference; lastKnownFileType = sourcecode.swift; path = ViewController.swift; sourceTree = "<group>"; };
		1A2A251F2B11B3AA00B7661F /* Base */ = {isa = PBXFileReference; lastKnownFileType = file.storyboard; name = Base; path = Base.lproj/Main.storyboard; sourceTree = "<group>"; };
		1A2A25212B11B3AC00B7661F /* Assets.xcassets */ = {isa = PBXFileReference; lastKnownFileType = folder.assetcatalog; path = Assets.xcassets; sourceTree = "<group>"; };
		1A2A25242B11B3AC00B7661F /* Base */ = {isa = PBXFileReference; lastKnownFileType = file.storyboard; name = Base; path = Base.lproj/LaunchScreen.storyboard; sourceTree = "<group>"; };
		1A2A25262B11B3AC00B7661F /* Info.plist */ = {isa = PBXFileReference; lastKnownFileType = text.plist.xml; path = Info.plist; sourceTree = "<group>"; };
		1A2A252B2B11B3AD00B7661F /* github-actions-xcode-testTests.xctest */ = {isa = PBXFileReference; explicitFileType = wrapper.cfbundle; includeInIndex = 0; path = "github-actions-xcode-testTests.xctest"; sourceTree = BUILT_PRODUCTS_DIR; };
		1A2A252F2B11B3AD00B7661F /* github_actions_xcode_testTests.swift */ = {isa = PBXFileReference; lastKnownFileType = sourcecode.swift; path = github_actions_xcode_testTests.swift; sourceTree = "<group>"; };
		1A2A25352B11B3AD00B7661F /* github-actions-xcode-testUITests.xctest */ = {isa = PBXFileReference; explicitFileType = wrapper.cfbundle; includeInIndex = 0; path = "github-actions-xcode-testUITests.xctest"; sourceTree = BUILT_PRODUCTS_DIR; };
		1A2A25392B11B3AD00B7661F /* github_actions_xcode_testUITests.swift */ = {isa = PBXFileReference; lastKnownFileType = sourcecode.swift; path = github_actions_xcode_testUITests.swift; sourceTree = "<group>"; };
		1A2A253B2B11B3AD00B7661F /* github_actions_xcode_testUITestsLaunchTests.swift */ = {isa = PBXFileReference; lastKnownFileType = sourcecode.swift; path = github_actions_xcode_testUITestsLaunchTests.swift; sourceTree = "<group>"; };
		1E7E8D41ACC8540B70170ED2 /* Pods-github-actions-xcode-test-github-actions-xcode-testUITests.debug.xcconfig */ = {isa = PBXFileReference; includeInIndex = 1; lastKnownFileType = text.xcconfig; name = "Pods-github-actions-xcode-test-github-actions-xcode-testUITests.debug.xcconfig"; path = "Target Support Files/Pods-github-actions-xcode-test-github-actions-xcode-testUITests/Pods-github-actions-xcode-test-github-actions-xcode-testUITests.debug.xcconfig"; sourceTree = "<group>"; };
		2EBA0603EBB2E8D96AE0EC7B /* Pods_github_actions_xcode_test.framework */ = {isa = PBXFileReference; explicitFileType = wrapper.framework; includeInIndex = 0; path = Pods_github_actions_xcode_test.framework; sourceTree = BUILT_PRODUCTS_DIR; };
		4D11E909093F28414807E770 /* Pods-github-actions-xcode-testTests.debug.xcconfig */ = {isa = PBXFileReference; includeInIndex = 1; lastKnownFileType = text.xcconfig; name = "Pods-github-actions-xcode-testTests.debug.xcconfig"; path = "Target Support Files/Pods-github-actions-xcode-testTests/Pods-github-actions-xcode-testTests.debug.xcconfig"; sourceTree = "<group>"; };
		5981938C8147AEB761D2D277 /* Pods-github-actions-xcode-testTests.release.xcconfig */ = {isa = PBXFileReference; includeInIndex = 1; lastKnownFileType = text.xcconfig; name = "Pods-github-actions-xcode-testTests.release.xcconfig"; path = "Target Support Files/Pods-github-actions-xcode-testTests/Pods-github-actions-xcode-testTests.release.xcconfig"; sourceTree = "<group>"; };
		66ED25D2887FE5CB2985DFA6 /* Pods_github_actions_xcode_testTests.framework */ = {isa = PBXFileReference; explicitFileType = wrapper.framework; includeInIndex = 0; path = Pods_github_actions_xcode_testTests.framework; sourceTree = BUILT_PRODUCTS_DIR; };
		839F39D2BA598C9D8D1851B8 /* Pods_github_actions_xcode_test_github_actions_xcode_testUITests.framework */ = {isa = PBXFileReference; explicitFileType = wrapper.framework; includeInIndex = 0; path = Pods_github_actions_xcode_test_github_actions_xcode_testUITests.framework; sourceTree = BUILT_PRODUCTS_DIR; };
		C573DAF171A45316B5366C75 /* Pods-github-actions-xcode-test-github-actions-xcode-testUITests.release.xcconfig */ = {isa = PBXFileReference; includeInIndex = 1; lastKnownFileType = text.xcconfig; name = "Pods-github-actions-xcode-test-github-actions-xcode-testUITests.release.xcconfig"; path = "Target Support Files/Pods-github-actions-xcode-test-github-actions-xcode-testUITests/Pods-github-actions-xcode-test-github-actions-xcode-testUITests.release.xcconfig"; sourceTree = "<group>"; };
		DE937D972836E857FF234348 /* Pods-github-actions-xcode-test.release.xcconfig */ = {isa = PBXFileReference; includeInIndex = 1; lastKnownFileType = text.xcconfig; name = "Pods-github-actions-xcode-test.release.xcconfig"; path = "Target Support Files/Pods-github-actions-xcode-test/Pods-github-actions-xcode-test.release.xcconfig"; sourceTree = "<group>"; };
		F3AA1C1BC5C1F2EBEE389A61 /* Pods-github-actions-xcode-test.debug.xcconfig */ = {isa = PBXFileReference; includeInIndex = 1; lastKnownFileType = text.xcconfig; name = "Pods-github-actions-xcode-test.debug.xcconfig"; path = "Target Support Files/Pods-github-actions-xcode-test/Pods-github-actions-xcode-test.debug.xcconfig"; sourceTree = "<group>"; };
/* End PBXFileReference section */

/* Begin PBXFrameworksBuildPhase section */
		1A2A25122B11B3AA00B7661F /* Frameworks */ = {
			isa = PBXFrameworksBuildPhase;
			buildActionMask = 2147483647;
			files = (
				461FAEDAE6EC42EC57C5A915 /* Pods_github_actions_xcode_test.framework in Frameworks */,
			);
			runOnlyForDeploymentPostprocessing = 0;
		};
		1A2A25282B11B3AD00B7661F /* Frameworks */ = {
			isa = PBXFrameworksBuildPhase;
			buildActionMask = 2147483647;
			files = (
				6FBA2D6D4868CF491A4CA02D /* Pods_github_actions_xcode_testTests.framework in Frameworks */,
			);
			runOnlyForDeploymentPostprocessing = 0;
		};
		1A2A25322B11B3AD00B7661F /* Frameworks */ = {
			isa = PBXFrameworksBuildPhase;
			buildActionMask = 2147483647;
			files = (
				B241F8696407A15653F8AA41 /* Pods_github_actions_xcode_test_github_actions_xcode_testUITests.framework in Frameworks */,
			);
			runOnlyForDeploymentPostprocessing = 0;
		};
/* End PBXFrameworksBuildPhase section */

/* Begin PBXGroup section */
		1A2A250C2B11B3AA00B7661F = {
			isa = PBXGroup;
			children = (
				1A2A25172B11B3AA00B7661F /* github-actions-xcode-test */,
				1A2A252E2B11B3AD00B7661F /* github-actions-xcode-testTests */,
				1A2A25382B11B3AD00B7661F /* github-actions-xcode-testUITests */,
				1A2A25162B11B3AA00B7661F /* Products */,
				730D3C00B3B4CCA449A77D68 /* Pods */,
				D3F1E564DCD8A519A8B9DAFC /* Frameworks */,
			);
			sourceTree = "<group>";
		};
		1A2A25162B11B3AA00B7661F /* Products */ = {
			isa = PBXGroup;
			children = (
				1A2A25152B11B3AA00B7661F /* github-actions-xcode-test.app */,
				1A2A252B2B11B3AD00B7661F /* github-actions-xcode-testTests.xctest */,
				1A2A25352B11B3AD00B7661F /* github-actions-xcode-testUITests.xctest */,
			);
			name = Products;
			sourceTree = "<group>";
		};
		1A2A25172B11B3AA00B7661F /* github-actions-xcode-test */ = {
			isa = PBXGroup;
			children = (
				1A2A25182B11B3AA00B7661F /* AppDelegate.swift */,
				1A2A251A2B11B3AA00B7661F /* SceneDelegate.swift */,
				1A2A251C2B11B3AA00B7661F /* ViewController.swift */,
				1A2A251E2B11B3AA00B7661F /* Main.storyboard */,
				1A2A25212B11B3AC00B7661F /* Assets.xcassets */,
				1A2A25232B11B3AC00B7661F /* LaunchScreen.storyboard */,
				1A2A25262B11B3AC00B7661F /* Info.plist */,
			);
			path = "github-actions-xcode-test";
			sourceTree = "<group>";
		};
		1A2A252E2B11B3AD00B7661F /* github-actions-xcode-testTests */ = {
			isa = PBXGroup;
			children = (
				1A2A252F2B11B3AD00B7661F /* github_actions_xcode_testTests.swift */,
			);
			path = "github-actions-xcode-testTests";
			sourceTree = "<group>";
		};
		1A2A25382B11B3AD00B7661F /* github-actions-xcode-testUITests */ = {
			isa = PBXGroup;
			children = (
				1A2A25392B11B3AD00B7661F /* github_actions_xcode_testUITests.swift */,
				1A2A253B2B11B3AD00B7661F /* github_actions_xcode_testUITestsLaunchTests.swift */,
			);
			path = "github-actions-xcode-testUITests";
			sourceTree = "<group>";
		};
		730D3C00B3B4CCA449A77D68 /* Pods */ = {
			isa = PBXGroup;
			children = (
				F3AA1C1BC5C1F2EBEE389A61 /* Pods-github-actions-xcode-test.debug.xcconfig */,
				DE937D972836E857FF234348 /* Pods-github-actions-xcode-test.release.xcconfig */,
				1E7E8D41ACC8540B70170ED2 /* Pods-github-actions-xcode-test-github-actions-xcode-testUITests.debug.xcconfig */,
				C573DAF171A45316B5366C75 /* Pods-github-actions-xcode-test-github-actions-xcode-testUITests.release.xcconfig */,
				4D11E909093F28414807E770 /* Pods-github-actions-xcode-testTests.debug.xcconfig */,
				5981938C8147AEB761D2D277 /* Pods-github-actions-xcode-testTests.release.xcconfig */,
			);
			name = Pods;
			path = Pods;
			sourceTree = "<group>";
		};
		D3F1E564DCD8A519A8B9DAFC /* Frameworks */ = {
			isa = PBXGroup;
			children = (
				2EBA0603EBB2E8D96AE0EC7B /* Pods_github_actions_xcode_test.framework */,
				839F39D2BA598C9D8D1851B8 /* Pods_github_actions_xcode_test_github_actions_xcode_testUITests.framework */,
				66ED25D2887FE5CB2985DFA6 /* Pods_github_actions_xcode_testTests.framework */,
			);
			name = Frameworks;
			sourceTree = "<group>";
		};
/* End PBXGroup section */

/* Begin PBXNativeTarget section */
		1A2A25142B11B3AA00B7661F /* github-actions-xcode-test */ = {
			isa = PBXNativeTarget;
			buildConfigurationList = 1A2A253F2B11B3AD00B7661F /* Build configuration list for PBXNativeTarget "github-actions-xcode-test" */;
			buildPhases = (
				C1BBC0637F6A02B4300E4349 /* [CP] Check Pods Manifest.lock */,
				1A2A25112B11B3AA00B7661F /* Sources */,
				1A2A25122B11B3AA00B7661F /* Frameworks */,
				1A2A25132B11B3AA00B7661F /* Resources */,
			);
			buildRules = (
			);
			dependencies = (
			);
			name = "github-actions-xcode-test";
			productName = "github-actions-xcode-test";
			productReference = 1A2A25152B11B3AA00B7661F /* github-actions-xcode-test.app */;
			productType = "com.apple.product-type.application";
		};
		1A2A252A2B11B3AD00B7661F /* github-actions-xcode-testTests */ = {
			isa = PBXNativeTarget;
			buildConfigurationList = 1A2A25422B11B3AD00B7661F /* Build configuration list for PBXNativeTarget "github-actions-xcode-testTests" */;
			buildPhases = (
				5362D513CCF8962685F340F2 /* [CP] Check Pods Manifest.lock */,
				1A2A25272B11B3AD00B7661F /* Sources */,
				1A2A25282B11B3AD00B7661F /* Frameworks */,
				1A2A25292B11B3AD00B7661F /* Resources */,
			);
			buildRules = (
			);
			dependencies = (
				1A2A252D2B11B3AD00B7661F /* PBXTargetDependency */,
			);
			name = "github-actions-xcode-testTests";
			productName = "github-actions-xcode-testTests";
			productReference = 1A2A252B2B11B3AD00B7661F /* github-actions-xcode-testTests.xctest */;
			productType = "com.apple.product-type.bundle.unit-test";
		};
		1A2A25342B11B3AD00B7661F /* github-actions-xcode-testUITests */ = {
			isa = PBXNativeTarget;
			buildConfigurationList = 1A2A25452B11B3AD00B7661F /* Build configuration list for PBXNativeTarget "github-actions-xcode-testUITests" */;
			buildPhases = (
				949B59EA4633F58A8E999C65 /* [CP] Check Pods Manifest.lock */,
				1A2A25312B11B3AD00B7661F /* Sources */,
				1A2A25322B11B3AD00B7661F /* Frameworks */,
				1A2A25332B11B3AD00B7661F /* Resources */,
			);
			buildRules = (
			);
			dependencies = (
				1A2A25372B11B3AD00B7661F /* PBXTargetDependency */,
			);
			name = "github-actions-xcode-testUITests";
			productName = "github-actions-xcode-testUITests";
			productReference = 1A2A25352B11B3AD00B7661F /* github-actions-xcode-testUITests.xctest */;
			productType = "com.apple.product-type.bundle.ui-testing";
		};
/* End PBXNativeTarget section */

/* Begin PBXProject section */
		1A2A250D2B11B3AA00B7661F /* Project object */ = {
			isa = PBXProject;
			attributes = {
				BuildIndependentTargetsInParallel = 1;
				LastSwiftUpdateCheck = 1500;
				LastUpgradeCheck = 1500;
				TargetAttributes = {
					1A2A25142B11B3AA00B7661F = {
						CreatedOnToolsVersion = 15.0.1;
					};
					1A2A252A2B11B3AD00B7661F = {
						CreatedOnToolsVersion = 15.0.1;
						TestTargetID = 1A2A25142B11B3AA00B7661F;
					};
					1A2A25342B11B3AD00B7661F = {
						CreatedOnToolsVersion = 15.0.1;
						TestTargetID = 1A2A25142B11B3AA00B7661F;
					};
				};
			};
			buildConfigurationList = 1A2A25102B11B3AA00B7661F /* Build configuration list for PBXProject "github-actions-xcode-test" */;
			compatibilityVersion = "Xcode 14.0";
			developmentRegion = en;
			hasScannedForEncodings = 0;
			knownRegions = (
				en,
				Base,
			);
			mainGroup = 1A2A250C2B11B3AA00B7661F;
			productRefGroup = 1A2A25162B11B3AA00B7661F /* Products */;
			projectDirPath = "";
			projectRoot = "";
			targets = (
				1A2A25142B11B3AA00B7661F /* github-actions-xcode-test */,
				1A2A252A2B11B3AD00B7661F /* github-actions-xcode-testTests */,
				1A2A25342B11B3AD00B7661F /* github-actions-xcode-testUITests */,
			);
		};
/* End PBXProject section */

/* Begin PBXResourcesBuildPhase section */
		1A2A25132B11B3AA00B7661F /* Resources */ = {
			isa = PBXResourcesBuildPhase;
			buildActionMask = 2147483647;
			files = (
				1A2A25252B11B3AC00B7661F /* LaunchScreen.storyboard in Resources */,
				1A2A25222B11B3AC00B7661F /* Assets.xcassets in Resources */,
				1A2A25202B11B3AA00B7661F /* Main.storyboard in Resources */,
			);
			runOnlyForDeploymentPostprocessing = 0;
		};
		1A2A25292B11B3AD00B7661F /* Resources */ = {
			isa = PBXResourcesBuildPhase;
			buildActionMask = 2147483647;
			files = (
			);
			runOnlyForDeploymentPostprocessing = 0;
		};
		1A2A25332B11B3AD00B7661F /* Resources */ = {
			isa = PBXResourcesBuildPhase;
			buildActionMask = 2147483647;
			files = (
			);
			runOnlyForDeploymentPostprocessing = 0;
		};
/* End PBXResourcesBuildPhase section */

/* Begin PBXShellScriptBuildPhase section */
		5362D513CCF8962685F340F2 /* [CP] Check Pods Manifest.lock */ = {
			isa = PBXShellScriptBuildPhase;
			buildActionMask = 2147483647;
			files = (
			);
			inputFileListPaths = (
			);
			inputPaths = (
				"${PODS_PODFILE_DIR_PATH}/Podfile.lock",
				"${PODS_ROOT}/Manifest.lock",
			);
			name = "[CP] Check Pods Manifest.lock";
			outputFileListPaths = (
			);
			outputPaths = (
				"$(DERIVED_FILE_DIR)/Pods-github-actions-xcode-testTests-checkManifestLockResult.txt",
			);
			runOnlyForDeploymentPostprocessing = 0;
			shellPath = /bin/sh;
			shellScript = "diff \"${PODS_PODFILE_DIR_PATH}/Podfile.lock\" \"${PODS_ROOT}/Manifest.lock\" > /dev/null\nif [ $? != 0 ] ; then\n    # print error to STDERR\n    echo \"error: The sandbox is not in sync with the Podfile.lock. Run 'pod install' or update your CocoaPods installation.\" >&2\n    exit 1\nfi\n# This output is used by Xcode 'outputs' to avoid re-running this script phase.\necho \"SUCCESS\" > \"${SCRIPT_OUTPUT_FILE_0}\"\n";
			showEnvVarsInLog = 0;
		};
		949B59EA4633F58A8E999C65 /* [CP] Check Pods Manifest.lock */ = {
			isa = PBXShellScriptBuildPhase;
			buildActionMask = 2147483647;
			files = (
			);
			inputFileListPaths = (
			);
			inputPaths = (
				"${PODS_PODFILE_DIR_PATH}/Podfile.lock",
				"${PODS_ROOT}/Manifest.lock",
			);
			name = "[CP] Check Pods Manifest.lock";
			outputFileListPaths = (
			);
			outputPaths = (
				"$(DERIVED_FILE_DIR)/Pods-github-actions-xcode-test-github-actions-xcode-testUITests-checkManifestLockResult.txt",
			);
			runOnlyForDeploymentPostprocessing = 0;
			shellPath = /bin/sh;
			shellScript = "diff \"${PODS_PODFILE_DIR_PATH}/Podfile.lock\" \"${PODS_ROOT}/Manifest.lock\" > /dev/null\nif [ $? != 0 ] ; then\n    # print error to STDERR\n    echo \"error: The sandbox is not in sync with the Podfile.lock. Run 'pod install' or update your CocoaPods installation.\" >&2\n    exit 1\nfi\n# This output is used by Xcode 'outputs' to avoid re-running this script phase.\necho \"SUCCESS\" > \"${SCRIPT_OUTPUT_FILE_0}\"\n";
			showEnvVarsInLog = 0;
		};
		C1BBC0637F6A02B4300E4349 /* [CP] Check Pods Manifest.lock */ = {
			isa = PBXShellScriptBuildPhase;
			buildActionMask = 2147483647;
			files = (
			);
			inputFileListPaths = (
			);
			inputPaths = (
				"${PODS_PODFILE_DIR_PATH}/Podfile.lock",
				"${PODS_ROOT}/Manifest.lock",
			);
			name = "[CP] Check Pods Manifest.lock";
			outputFileListPaths = (
			);
			outputPaths = (
				"$(DERIVED_FILE_DIR)/Pods-github-actions-xcode-test-checkManifestLockResult.txt",
			);
			runOnlyForDeploymentPostprocessing = 0;
			shellPath = /bin/sh;
			shellScript = "diff \"${PODS_PODFILE_DIR_PATH}/Podfile.lock\" \"${PODS_ROOT}/Manifest.lock\" > /dev/null\nif [ $? != 0 ] ; then\n    # print error to STDERR\n    echo \"error: The sandbox is not in sync with the Podfile.lock. Run 'pod install' or update your CocoaPods installation.\" >&2\n    exit 1\nfi\n# This output is used by Xcode 'outputs' to avoid re-running this script phase.\necho \"SUCCESS\" > \"${SCRIPT_OUTPUT_FILE_0}\"\n";
			showEnvVarsInLog = 0;
		};
/* End PBXShellScriptBuildPhase section */

/* Begin PBXSourcesBuildPhase section */
		1A2A25112B11B3AA00B7661F /* Sources */ = {
			isa = PBXSourcesBuildPhase;
			buildActionMask = 2147483647;
			files = (
				1A2A251D2B11B3AA00B7661F /* ViewController.swift in Sources */,
				1A2A25192B11B3AA00B7661F /* AppDelegate.swift in Sources */,
				1A2A251B2B11B3AA00B7661F /* SceneDelegate.swift in Sources */,
			);
			runOnlyForDeploymentPostprocessing = 0;
		};
		1A2A25272B11B3AD00B7661F /* Sources */ = {
			isa = PBXSourcesBuildPhase;
			buildActionMask = 2147483647;
			files = (
				1A2A25302B11B3AD00B7661F /* github_actions_xcode_testTests.swift in Sources */,
			);
			runOnlyForDeploymentPostprocessing = 0;
		};
		1A2A25312B11B3AD00B7661F /* Sources */ = {
			isa = PBXSourcesBuildPhase;
			buildActionMask = 2147483647;
			files = (
				1A2A253A2B11B3AD00B7661F /* github_actions_xcode_testUITests.swift in Sources */,
				1A2A253C2B11B3AD00B7661F /* github_actions_xcode_testUITestsLaunchTests.swift in Sources */,
			);
			runOnlyForDeploymentPostprocessing = 0;
		};
/* End PBXSourcesBuildPhase section */

/* Begin PBXTargetDependency section */
		1A2A252D2B11B3AD00B7661F /* PBXTargetDependency */ = {
			isa = PBXTargetDependency;
			target = 1A2A25142B11B3AA00B7661F /* github-actions-xcode-test */;
			targetProxy = 1A2A252C2B11B3AD00B7661F /* PBXContainerItemProxy */;
		};
		1A2A25372B11B3AD00B7661F /* PBXTargetDependency */ = {
			isa = PBXTargetDependency;
			target = 1A2A25142B11B3AA00B7661F /* github-actions-xcode-test */;
			targetProxy = 1A2A25362B11B3AD00B7661F /* PBXContainerItemProxy */;
		};
/* End PBXTargetDependency section */

/* Begin PBXVariantGroup section */
		1A2A251E2B11B3AA00B7661F /* Main.storyboard */ = {
			isa = PBXVariantGroup;
			children = (
				1A2A251F2B11B3AA00B7661F /* Base */,
			);
			name = Main.storyboard;
			sourceTree = "<group>";
		};
		1A2A25232B11B3AC00B7661F /* LaunchScreen.storyboard */ = {
			isa = PBXVariantGroup;
			children = (
				1A2A25242B11B3AC00B7661F /* Base */,
			);
			name = LaunchScreen.storyboard;
			sourceTree = "<group>";
		};
/* End PBXVariantGroup section */

/* Begin XCBuildConfiguration section */
		1A2A253D2B11B3AD00B7661F /* Debug */ = {
			isa = XCBuildConfiguration;
			buildSettings = {
				ALWAYS_SEARCH_USER_PATHS = NO;
				ASSETCATALOG_COMPILER_GENERATE_SWIFT_ASSET_SYMBOL_EXTENSIONS = YES;
				CLANG_ANALYZER_NONNULL = YES;
				CLANG_ANALYZER_NUMBER_OBJECT_CONVERSION = YES_AGGRESSIVE;
				CLANG_CXX_LANGUAGE_STANDARD = "gnu++20";
				CLANG_ENABLE_MODULES = YES;
				CLANG_ENABLE_OBJC_ARC = YES;
				CLANG_ENABLE_OBJC_WEAK = YES;
				CLANG_WARN_BLOCK_CAPTURE_AUTORELEASING = YES;
				CLANG_WARN_BOOL_CONVERSION = YES;
				CLANG_WARN_COMMA = YES;
				CLANG_WARN_CONSTANT_CONVERSION = YES;
				CLANG_WARN_DEPRECATED_OBJC_IMPLEMENTATIONS = YES;
				CLANG_WARN_DIRECT_OBJC_ISA_USAGE = YES_ERROR;
				CLANG_WARN_DOCUMENTATION_COMMENTS = YES;
				CLANG_WARN_EMPTY_BODY = YES;
				CLANG_WARN_ENUM_CONVERSION = YES;
				CLANG_WARN_INFINITE_RECURSION = YES;
				CLANG_WARN_INT_CONVERSION = YES;
				CLANG_WARN_NON_LITERAL_NULL_CONVERSION = YES;
				CLANG_WARN_OBJC_IMPLICIT_RETAIN_SELF = YES;
				CLANG_WARN_OBJC_LITERAL_CONVERSION = YES;
				CLANG_WARN_OBJC_ROOT_CLASS = YES_ERROR;
				CLANG_WARN_QUOTED_INCLUDE_IN_FRAMEWORK_HEADER = YES;
				CLANG_WARN_RANGE_LOOP_ANALYSIS = YES;
				CLANG_WARN_STRICT_PROTOTYPES = YES;
				CLANG_WARN_SUSPICIOUS_MOVE = YES;
				CLANG_WARN_UNGUARDED_AVAILABILITY = YES_AGGRESSIVE;
				CLANG_WARN_UNREACHABLE_CODE = YES;
				CLANG_WARN__DUPLICATE_METHOD_MATCH = YES;
				COPY_PHASE_STRIP = NO;
				DEBUG_INFORMATION_FORMAT = dwarf;
				ENABLE_STRICT_OBJC_MSGSEND = YES;
				ENABLE_TESTABILITY = YES;
				ENABLE_USER_SCRIPT_SANDBOXING = YES;
				GCC_C_LANGUAGE_STANDARD = gnu17;
				GCC_DYNAMIC_NO_PIC = NO;
				GCC_NO_COMMON_BLOCKS = YES;
				GCC_OPTIMIZATION_LEVEL = 0;
				GCC_PREPROCESSOR_DEFINITIONS = (
					"DEBUG=1",
					"$(inherited)",
				);
				GCC_WARN_64_TO_32_BIT_CONVERSION = YES;
				GCC_WARN_ABOUT_RETURN_TYPE = YES_ERROR;
				GCC_WARN_UNDECLARED_SELECTOR = YES;
				GCC_WARN_UNINITIALIZED_AUTOS = YES_AGGRESSIVE;
				GCC_WARN_UNUSED_FUNCTION = YES;
				GCC_WARN_UNUSED_VARIABLE = YES;
				IPHONEOS_DEPLOYMENT_TARGET = 17.0;
				LOCALIZATION_PREFERS_STRING_CATALOGS = YES;
				MTL_ENABLE_DEBUG_INFO = INCLUDE_SOURCE;
				MTL_FAST_MATH = YES;
				ONLY_ACTIVE_ARCH = YES;
				SDKROOT = iphoneos;
				SWIFT_ACTIVE_COMPILATION_CONDITIONS = "DEBUG $(inherited)";
				SWIFT_OPTIMIZATION_LEVEL = "-Onone";
			};
			name = Debug;
		};
		1A2A253E2B11B3AD00B7661F /* Release */ = {
			isa = XCBuildConfiguration;
			buildSettings = {
				ALWAYS_SEARCH_USER_PATHS = NO;
				ASSETCATALOG_COMPILER_GENERATE_SWIFT_ASSET_SYMBOL_EXTENSIONS = YES;
				CLANG_ANALYZER_NONNULL = YES;
				CLANG_ANALYZER_NUMBER_OBJECT_CONVERSION = YES_AGGRESSIVE;
				CLANG_CXX_LANGUAGE_STANDARD = "gnu++20";
				CLANG_ENABLE_MODULES = YES;
				CLANG_ENABLE_OBJC_ARC = YES;
				CLANG_ENABLE_OBJC_WEAK = YES;
				CLANG_WARN_BLOCK_CAPTURE_AUTORELEASING = YES;
				CLANG_WARN_BOOL_CONVERSION = YES;
				CLANG_WARN_COMMA = YES;
				CLANG_WARN_CONSTANT_CONVERSION = YES;
				CLANG_WARN_DEPRECATED_OBJC_IMPLEMENTATIONS = YES;
				CLANG_WARN_DIRECT_OBJC_ISA_USAGE = YES_ERROR;
				CLANG_WARN_DOCUMENTATION_COMMENTS = YES;
				CLANG_WARN_EMPTY_BODY = YES;
				CLANG_WARN_ENUM_CONVERSION = YES;
				CLANG_WARN_INFINITE_RECURSION = YES;
				CLANG_WARN_INT_CONVERSION = YES;
				CLANG_WARN_NON_LITERAL_NULL_CONVERSION = YES;
				CLANG_WARN_OBJC_IMPLICIT_RETAIN_SELF = YES;
				CLANG_WARN_OBJC_LITERAL_CONVERSION = YES;
				CLANG_WARN_OBJC_ROOT_CLASS = YES_ERROR;
				CLANG_WARN_QUOTED_INCLUDE_IN_FRAMEWORK_HEADER = YES;
				CLANG_WARN_RANGE_LOOP_ANALYSIS = YES;
				CLANG_WARN_STRICT_PROTOTYPES = YES;
				CLANG_WARN_SUSPICIOUS_MOVE = YES;
				CLANG_WARN_UNGUARDED_AVAILABILITY = YES_AGGRESSIVE;
				CLANG_WARN_UNREACHABLE_CODE = YES;
				CLANG_WARN__DUPLICATE_METHOD_MATCH = YES;
				COPY_PHASE_STRIP = NO;
				DEBUG_INFORMATION_FORMAT = "dwarf-with-dsym";
				ENABLE_NS_ASSERTIONS = NO;
				ENABLE_STRICT_OBJC_MSGSEND = YES;
				ENABLE_USER_SCRIPT_SANDBOXING = YES;
				GCC_C_LANGUAGE_STANDARD = gnu17;
				GCC_NO_COMMON_BLOCKS = YES;
				GCC_WARN_64_TO_32_BIT_CONVERSION = YES;
				GCC_WARN_ABOUT_RETURN_TYPE = YES_ERROR;
				GCC_WARN_UNDECLARED_SELECTOR = YES;
				GCC_WARN_UNINITIALIZED_AUTOS = YES_AGGRESSIVE;
				GCC_WARN_UNUSED_FUNCTION = YES;
				GCC_WARN_UNUSED_VARIABLE = YES;
				IPHONEOS_DEPLOYMENT_TARGET = 17.0;
				LOCALIZATION_PREFERS_STRING_CATALOGS = YES;
				MTL_ENABLE_DEBUG_INFO = NO;
				MTL_FAST_MATH = YES;
				SDKROOT = iphoneos;
				SWIFT_COMPILATION_MODE = wholemodule;
				VALIDATE_PRODUCT = YES;
			};
			name = Release;
		};
		1A2A25402B11B3AD00B7661F /* Debug */ = {
			isa = XCBuildConfiguration;
			baseConfigurationReference = F3AA1C1BC5C1F2EBEE389A61 /* Pods-github-actions-xcode-test.debug.xcconfig */;
			buildSettings = {
				ASSETCATALOG_COMPILER_APPICON_NAME = AppIcon;
				ASSETCATALOG_COMPILER_GLOBAL_ACCENT_COLOR_NAME = AccentColor;
				CODE_SIGN_STYLE = Automatic;
				CURRENT_PROJECT_VERSION = 1;
				GENERATE_INFOPLIST_FILE = YES;
				INFOPLIST_FILE = "github-actions-xcode-test/Info.plist";
				INFOPLIST_KEY_UIApplicationSupportsIndirectInputEvents = YES;
				INFOPLIST_KEY_UILaunchStoryboardName = LaunchScreen;
				INFOPLIST_KEY_UIMainStoryboardFile = Main;
				INFOPLIST_KEY_UISupportedInterfaceOrientations_iPad = "UIInterfaceOrientationPortrait UIInterfaceOrientationPortraitUpsideDown UIInterfaceOrientationLandscapeLeft UIInterfaceOrientationLandscapeRight";
				INFOPLIST_KEY_UISupportedInterfaceOrientations_iPhone = "UIInterfaceOrientationPortrait UIInterfaceOrientationLandscapeLeft UIInterfaceOrientationLandscapeRight";
				LD_RUNPATH_SEARCH_PATHS = (
					"$(inherited)",
					"@executable_path/Frameworks",
				);
				MARKETING_VERSION = 1.0;
				PRODUCT_BUNDLE_IDENTIFIER = "com.akidon0000.univIP.github-actions-xcode-test";
				PRODUCT_NAME = "$(TARGET_NAME)";
				SWIFT_EMIT_LOC_STRINGS = YES;
				SWIFT_VERSION = 5.0;
				TARGETED_DEVICE_FAMILY = "1,2";
			};
			name = Debug;
		};
		1A2A25412B11B3AD00B7661F /* Release */ = {
			isa = XCBuildConfiguration;
			baseConfigurationReference = DE937D972836E857FF234348 /* Pods-github-actions-xcode-test.release.xcconfig */;
			buildSettings = {
				ASSETCATALOG_COMPILER_APPICON_NAME = AppIcon;
				ASSETCATALOG_COMPILER_GLOBAL_ACCENT_COLOR_NAME = AccentColor;
				CODE_SIGN_STYLE = Automatic;
				CURRENT_PROJECT_VERSION = 1;
				GENERATE_INFOPLIST_FILE = YES;
				INFOPLIST_FILE = "github-actions-xcode-test/Info.plist";
				INFOPLIST_KEY_UIApplicationSupportsIndirectInputEvents = YES;
				INFOPLIST_KEY_UILaunchStoryboardName = LaunchScreen;
				INFOPLIST_KEY_UIMainStoryboardFile = Main;
				INFOPLIST_KEY_UISupportedInterfaceOrientations_iPad = "UIInterfaceOrientationPortrait UIInterfaceOrientationPortraitUpsideDown UIInterfaceOrientationLandscapeLeft UIInterfaceOrientationLandscapeRight";
				INFOPLIST_KEY_UISupportedInterfaceOrientations_iPhone = "UIInterfaceOrientationPortrait UIInterfaceOrientationLandscapeLeft UIInterfaceOrientationLandscapeRight";
				LD_RUNPATH_SEARCH_PATHS = (
					"$(inherited)",
					"@executable_path/Frameworks",
				);
				MARKETING_VERSION = 1.0;
				PRODUCT_BUNDLE_IDENTIFIER = "com.akidon0000.univIP.github-actions-xcode-test";
				PRODUCT_NAME = "$(TARGET_NAME)";
				SWIFT_EMIT_LOC_STRINGS = YES;
				SWIFT_VERSION = 5.0;
				TARGETED_DEVICE_FAMILY = "1,2";
			};
			name = Release;
		};
		1A2A25432B11B3AD00B7661F /* Debug */ = {
			isa = XCBuildConfiguration;
			baseConfigurationReference = 4D11E909093F28414807E770 /* Pods-github-actions-xcode-testTests.debug.xcconfig */;
			buildSettings = {
				ALWAYS_EMBED_SWIFT_STANDARD_LIBRARIES = YES;
				BUNDLE_LOADER = "$(TEST_HOST)";
				CODE_SIGN_STYLE = Automatic;
				CURRENT_PROJECT_VERSION = 1;
				GENERATE_INFOPLIST_FILE = YES;
				IPHONEOS_DEPLOYMENT_TARGET = 17.0;
				MARKETING_VERSION = 1.0;
				PRODUCT_BUNDLE_IDENTIFIER = "com.akidon0000.univIP.github-actions-xcode-testTests";
				PRODUCT_NAME = "$(TARGET_NAME)";
				SWIFT_EMIT_LOC_STRINGS = NO;
				SWIFT_VERSION = 5.0;
				TARGETED_DEVICE_FAMILY = "1,2";
				TEST_HOST = "$(BUILT_PRODUCTS_DIR)/github-actions-xcode-test.app/$(BUNDLE_EXECUTABLE_FOLDER_PATH)/github-actions-xcode-test";
			};
			name = Debug;
		};
		1A2A25442B11B3AD00B7661F /* Release */ = {
			isa = XCBuildConfiguration;
			baseConfigurationReference = 5981938C8147AEB761D2D277 /* Pods-github-actions-xcode-testTests.release.xcconfig */;
			buildSettings = {
				ALWAYS_EMBED_SWIFT_STANDARD_LIBRARIES = YES;
				BUNDLE_LOADER = "$(TEST_HOST)";
				CODE_SIGN_STYLE = Automatic;
				CURRENT_PROJECT_VERSION = 1;
				GENERATE_INFOPLIST_FILE = YES;
				IPHONEOS_DEPLOYMENT_TARGET = 17.0;
				MARKETING_VERSION = 1.0;
				PRODUCT_BUNDLE_IDENTIFIER = "com.akidon0000.univIP.github-actions-xcode-testTests";
				PRODUCT_NAME = "$(TARGET_NAME)";
				SWIFT_EMIT_LOC_STRINGS = NO;
				SWIFT_VERSION = 5.0;
				TARGETED_DEVICE_FAMILY = "1,2";
				TEST_HOST = "$(BUILT_PRODUCTS_DIR)/github-actions-xcode-test.app/$(BUNDLE_EXECUTABLE_FOLDER_PATH)/github-actions-xcode-test";
			};
			name = Release;
		};
		1A2A25462B11B3AD00B7661F /* Debug */ = {
			isa = XCBuildConfiguration;
			baseConfigurationReference = 1E7E8D41ACC8540B70170ED2 /* Pods-github-actions-xcode-test-github-actions-xcode-testUITests.debug.xcconfig */;
			buildSettings = {
				ALWAYS_EMBED_SWIFT_STANDARD_LIBRARIES = YES;
				CODE_SIGN_STYLE = Automatic;
				CURRENT_PROJECT_VERSION = 1;
				GENERATE_INFOPLIST_FILE = YES;
				MARKETING_VERSION = 1.0;
				PRODUCT_BUNDLE_IDENTIFIER = "com.akidon0000.univIP.github-actions-xcode-testUITests";
				PRODUCT_NAME = "$(TARGET_NAME)";
				SWIFT_EMIT_LOC_STRINGS = NO;
				SWIFT_VERSION = 5.0;
				TARGETED_DEVICE_FAMILY = "1,2";
				TEST_TARGET_NAME = "github-actions-xcode-test";
			};
			name = Debug;
		};
		1A2A25472B11B3AD00B7661F /* Release */ = {
			isa = XCBuildConfiguration;
			baseConfigurationReference = C573DAF171A45316B5366C75 /* Pods-github-actions-xcode-test-github-actions-xcode-testUITests.release.xcconfig */;
			buildSettings = {
				ALWAYS_EMBED_SWIFT_STANDARD_LIBRARIES = YES;
				CODE_SIGN_STYLE = Automatic;
				CURRENT_PROJECT_VERSION = 1;
				GENERATE_INFOPLIST_FILE = YES;
				MARKETING_VERSION = 1.0;
				PRODUCT_BUNDLE_IDENTIFIER = "com.akidon0000.univIP.github-actions-xcode-testUITests";
				PRODUCT_NAME = "$(TARGET_NAME)";
				SWIFT_EMIT_LOC_STRINGS = NO;
				SWIFT_VERSION = 5.0;
				TARGETED_DEVICE_FAMILY = "1,2";
				TEST_TARGET_NAME = "github-actions-xcode-test";
			};
			name = Release;
		};
/* End XCBuildConfiguration section */

/* Begin XCConfigurationList section */
		1A2A25102B11B3AA00B7661F /* Build configuration list for PBXProject "github-actions-xcode-test" */ = {
			isa = XCConfigurationList;
			buildConfigurations = (
				1A2A253D2B11B3AD00B7661F /* Debug */,
				1A2A253E2B11B3AD00B7661F /* Release */,
			);
			defaultConfigurationIsVisible = 0;
			defaultConfigurationName = Release;
		};
		1A2A253F2B11B3AD00B7661F /* Build configuration list for PBXNativeTarget "github-actions-xcode-test" */ = {
			isa = XCConfigurationList;
			buildConfigurations = (
				1A2A25402B11B3AD00B7661F /* Debug */,
				1A2A25412B11B3AD00B7661F /* Release */,
			);
			defaultConfigurationIsVisible = 0;
			defaultConfigurationName = Release;
		};
		1A2A25422B11B3AD00B7661F /* Build configuration list for PBXNativeTarget "github-actions-xcode-testTests" */ = {
			isa = XCConfigurationList;
			buildConfigurations = (
				1A2A25432B11B3AD00B7661F /* Debug */,
				1A2A25442B11B3AD00B7661F /* Release */,
			);
			defaultConfigurationIsVisible = 0;
			defaultConfigurationName = Release;
		};
		1A2A25452B11B3AD00B7661F /* Build configuration list for PBXNativeTarget "github-actions-xcode-testUITests" */ = {
			isa = XCConfigurationList;
			buildConfigurations = (
				1A2A25462B11B3AD00B7661F /* Debug */,
				1A2A25472B11B3AD00B7661F /* Release */,
			);
			defaultConfigurationIsVisible = 0;
			defaultConfigurationName = Release;
		};
/* End XCConfigurationList section */
	};
	rootObject = 1A2A250D2B11B3AA00B7661F /* Project object */;
}
